
Microsoft Visual Studio Solution File, Format Version 12.00
# Visual Studio Version 16
VisualStudioVersion = 16.0.30611.23
MinimumVisualStudioVersion = 10.0.40219.1
Project("{FAE04EC0-301F-11D3-BF4B-00C04F79EFBC}") = "Color Model Converter", "Color Model Converter\Color Model Converter.csproj", "{316A000D-9816-4AA4-A239-82EAEB8B28BC}"
EndProject
Global
	GlobalSection(SolutionConfigurationPlatforms) = preSolution
		Debug|Any CPU = Debug|Any CPU
		Release|Any CPU = Release|Any CPU
	EndGlobalSection
	GlobalSection(ProjectConfigurationPlatforms) = postSolution
		{316A000D-9816-4AA4-A239-82EAEB8B28BC}.Debug|Any CPU.ActiveCfg = Debug|Any CPU
		{316A000D-9816-4AA4-A239-82EAEB8B28BC}.Debug|Any CPU.Build.0 = Debug|Any CPU
		{316A000D-9816-4AA4-A239-82EAEB8B28BC}.Release|Any CPU.ActiveCfg = Release|Any CPU
		{316A000D-9816-4AA4-A239-82EAEB8B28BC}.Release|Any CPU.Build.0 = Release|Any CPU
	EndGlobalSection
	GlobalSection(SolutionProperties) = preSolution
		HideSolutionNode = FALSE
	EndGlobalSection
	GlobalSection(ExtensibilityGlobals) = postSolution
		SolutionGuid = {114F9CDF-554E-4DAD-B65B-E90D3B0183CA}
	EndGlobalSection
EndGlobal
